
Microsoft Visual Studio Solution File, Format Version 12.00
# Visual Studio Version 16
VisualStudioVersion = 16.0.30011.22
MinimumVisualStudioVersion = 10.0.40219.1
Project("{9A19103F-16F7-4668-BE54-9A1E7A4F7556}") = "EmployeeManagement", "EmployeeManagement\EmployeeManagement.csproj", "{F8089A5D-81C7-4744-8E69-F63C7CC8D5B2}"
EndProject
Global
	GlobalSection(SolutionConfigurationPlatforms) = preSolution
		Debug|Any CPU = Debug|Any CPU
		Release|Any CPU = Release|Any CPU
	EndGlobalSection
	GlobalSection(ProjectConfigurationPlatforms) = postSolution
		{F8089A5D-81C7-4744-8E69-F63C7CC8D5B2}.Debug|Any CPU.ActiveCfg = Debug|Any CPU
		{F8089A5D-81C7-4744-8E69-F63C7CC8D5B2}.Debug|Any CPU.Build.0 = Debug|Any CPU
		{F8089A5D-81C7-4744-8E69-F63C7CC8D5B2}.Release|Any CPU.ActiveCfg = Release|Any CPU
		{F8089A5D-81C7-4744-8E69-F63C7CC8D5B2}.Release|Any CPU.Build.0 = Release|Any CPU
	EndGlobalSection
	GlobalSection(SolutionProperties) = preSolution
		HideSolutionNode = FALSE
	EndGlobalSection
	GlobalSection(ExtensibilityGlobals) = postSolution
		SolutionGuid = {A0556230-E8B2-4610-9E43-F08F5EB10285}
	EndGlobalSection
EndGlobal
