
Microsoft Visual Studio Solution File, Format Version 12.00
# Visual Studio Version 16
VisualStudioVersion = 16.0.29920.165
MinimumVisualStudioVersion = 10.0.40219.1
Project("{FAE04EC0-301F-11D3-BF4B-00C04F79EFBC}") = "NUnitDemo", "NUnitDemo\NUnitDemo.csproj", "{593FBD25-119D-403A-9400-9621F00DE96C}"
EndProject
Project("{FAE04EC0-301F-11D3-BF4B-00C04F79EFBC}") = "NUnitTest", "NUnitTest\NUnitTest.csproj", "{A7334E09-DB0E-4895-B3D1-0A067257D034}"
EndProject
Global
	GlobalSection(SolutionConfigurationPlatforms) = preSolution
		Debug|Any CPU = Debug|Any CPU
		Release|Any CPU = Release|Any CPU
	EndGlobalSection
	GlobalSection(ProjectConfigurationPlatforms) = postSolution
		{593FBD25-119D-403A-9400-9621F00DE96C}.Debug|Any CPU.ActiveCfg = Debug|Any CPU
		{593FBD25-119D-403A-9400-9621F00DE96C}.Debug|Any CPU.Build.0 = Debug|Any CPU
		{593FBD25-119D-403A-9400-9621F00DE96C}.Release|Any CPU.ActiveCfg = Release|Any CPU
		{593FBD25-119D-403A-9400-9621F00DE96C}.Release|Any CPU.Build.0 = Release|Any CPU
		{A7334E09-DB0E-4895-B3D1-0A067257D034}.Debug|Any CPU.ActiveCfg = Debug|Any CPU
		{A7334E09-DB0E-4895-B3D1-0A067257D034}.Debug|Any CPU.Build.0 = Debug|Any CPU
		{A7334E09-DB0E-4895-B3D1-0A067257D034}.Release|Any CPU.ActiveCfg = Release|Any CPU
		{A7334E09-DB0E-4895-B3D1-0A067257D034}.Release|Any CPU.Build.0 = Release|Any CPU
	EndGlobalSection
	GlobalSection(SolutionProperties) = preSolution
		HideSolutionNode = FALSE
	EndGlobalSection
	GlobalSection(ExtensibilityGlobals) = postSolution
		SolutionGuid = {1F4C71C4-3C54-4105-BCB8-59968CCD0E01}
	EndGlobalSection
EndGlobal
