
Microsoft Visual Studio Solution File, Format Version 12.00
# Visual Studio Version 16
VisualStudioVersion = 16.0.30104.148
MinimumVisualStudioVersion = 10.0.40219.1
Project("{FAE04EC0-301F-11D3-BF4B-00C04F79EFBC}") = "CoffeeManagement", "CoffeeManagement\CoffeeManagement.csproj", "{A375180D-419A-46A0-9478-05B268DAAFC1}"
EndProject
Global
	GlobalSection(SolutionConfigurationPlatforms) = preSolution
		Debug|Any CPU = Debug|Any CPU
		Release|Any CPU = Release|Any CPU
	EndGlobalSection
	GlobalSection(ProjectConfigurationPlatforms) = postSolution
		{A375180D-419A-46A0-9478-05B268DAAFC1}.Debug|Any CPU.ActiveCfg = Debug|Any CPU
		{A375180D-419A-46A0-9478-05B268DAAFC1}.Debug|Any CPU.Build.0 = Debug|Any CPU
		{A375180D-419A-46A0-9478-05B268DAAFC1}.Release|Any CPU.ActiveCfg = Release|Any CPU
		{A375180D-419A-46A0-9478-05B268DAAFC1}.Release|Any CPU.Build.0 = Release|Any CPU
	EndGlobalSection
	GlobalSection(SolutionProperties) = preSolution
		HideSolutionNode = FALSE
	EndGlobalSection
	GlobalSection(ExtensibilityGlobals) = postSolution
		SolutionGuid = {E0FC28C7-B673-4E94-AEE1-3D76A386164A}
	EndGlobalSection
EndGlobal
