
Microsoft Visual Studio Solution File, Format Version 12.00
# Visual Studio Version 16
VisualStudioVersion = 16.0.29920.165
MinimumVisualStudioVersion = 10.0.40219.1
Project("{FAE04EC0-301F-11D3-BF4B-00C04F79EFBC}") = "GenericDemo", "GenericDemo\GenericDemo.csproj", "{63EBCB56-DB08-445B-B1F6-83E93914ACC4}"
EndProject
Project("{FAE04EC0-301F-11D3-BF4B-00C04F79EFBC}") = "GenericTest", "GenericTest\GenericTest.csproj", "{16381A29-F51C-4A76-BDCF-A24135691AE0}"
EndProject
Global
	GlobalSection(SolutionConfigurationPlatforms) = preSolution
		Debug|Any CPU = Debug|Any CPU
		Release|Any CPU = Release|Any CPU
	EndGlobalSection
	GlobalSection(ProjectConfigurationPlatforms) = postSolution
		{63EBCB56-DB08-445B-B1F6-83E93914ACC4}.Debug|Any CPU.ActiveCfg = Debug|Any CPU
		{63EBCB56-DB08-445B-B1F6-83E93914ACC4}.Debug|Any CPU.Build.0 = Debug|Any CPU
		{63EBCB56-DB08-445B-B1F6-83E93914ACC4}.Release|Any CPU.ActiveCfg = Release|Any CPU
		{63EBCB56-DB08-445B-B1F6-83E93914ACC4}.Release|Any CPU.Build.0 = Release|Any CPU
		{16381A29-F51C-4A76-BDCF-A24135691AE0}.Debug|Any CPU.ActiveCfg = Debug|Any CPU
		{16381A29-F51C-4A76-BDCF-A24135691AE0}.Debug|Any CPU.Build.0 = Debug|Any CPU
		{16381A29-F51C-4A76-BDCF-A24135691AE0}.Release|Any CPU.ActiveCfg = Release|Any CPU
		{16381A29-F51C-4A76-BDCF-A24135691AE0}.Release|Any CPU.Build.0 = Release|Any CPU
	EndGlobalSection
	GlobalSection(SolutionProperties) = preSolution
		HideSolutionNode = FALSE
	EndGlobalSection
	GlobalSection(ExtensibilityGlobals) = postSolution
		SolutionGuid = {09053254-7CC8-4514-8C20-53CC4DE6266E}
	EndGlobalSection
EndGlobal
